// !$*UTF8*$!
{
	archiveVersion = 1;
	classes = {
	};
	objectVersion = 46;
	objects = {

/* Begin PBXBuildFile section */
		1817137E1A0F26DC00036E8C /* AppDelegate.swift in Sources */ = {isa = PBXBuildFile; fileRef = 1817137D1A0F26DC00036E8C /* AppDelegate.swift */; };
		181713801A0F26DC00036E8C /* ViewController.swift in Sources */ = {isa = PBXBuildFile; fileRef = 1817137F1A0F26DC00036E8C /* ViewController.swift */; };
		181713831A0F26DC00036E8C /* Main.storyboard in Resources */ = {isa = PBXBuildFile; fileRef = 181713811A0F26DC00036E8C /* Main.storyboard */; };
		181713851A0F26DC00036E8C /* Images.xcassets in Resources */ = {isa = PBXBuildFile; fileRef = 181713841A0F26DC00036E8C /* Images.xcassets */; };
		181713881A0F26DC00036E8C /* LaunchScreen.xib in Resources */ = {isa = PBXBuildFile; fileRef = 181713861A0F26DC00036E8C /* LaunchScreen.xib */; };
		181713941A0F26DC00036E8C /* PostcardTests.swift in Sources */ = {isa = PBXBuildFile; fileRef = 181713931A0F26DC00036E8C /* PostcardTests.swift */; };
/* End PBXBuildFile section */

/* Begin PBXContainerItemProxy section */
		1817138E1A0F26DC00036E8C /* PBXContainerItemProxy */ = {
			isa = PBXContainerItemProxy;
			containerPortal = 181713701A0F26DC00036E8C /* Project object */;
			proxyType = 1;
			remoteGlobalIDString = 181713771A0F26DC00036E8C;
			remoteInfo = Postcard;
		};
/* End PBXContainerItemProxy section */

/* Begin PBXFileReference section */
		181713781A0F26DC00036E8C /* Postcard.app */ = {isa = PBXFileReference; explicitFileType = wrapper.application; includeInIndex = 0; path = Postcard.app; sourceTree = BUILT_PRODUCTS_DIR; };
		1817137C1A0F26DC00036E8C /* Info.plist */ = {isa = PBXFileReference; lastKnownFileType = text.plist.xml; path = Info.plist; sourceTree = "<group>"; };
		1817137D1A0F26DC00036E8C /* AppDelegate.swift */ = {isa = PBXFileReference; lastKnownFileType = sourcecode.swift; path = AppDelegate.swift; sourceTree = "<group>"; };
		1817137F1A0F26DC00036E8C /* ViewController.swift */ = {isa = PBXFileReference; lastKnownFileType = sourcecode.swift; path = ViewController.swift; sourceTree = "<group>"; };
		181713821A0F26DC00036E8C /* Base */ = {isa = PBXFileReference; lastKnownFileType = file.storyboard; name = Base; path = Base.lproj/Main.storyboard; sourceTree = "<group>"; };
		181713841A0F26DC00036E8C /* Images.xcassets */ = {isa = PBXFileReference; lastKnownFileType = folder.assetcatalog; path = Images.xcassets; sourceTree = "<group>"; };
		181713871A0F26DC00036E8C /* Base */ = {isa = PBXFileReference; lastKnownFileType = file.xib; name = Base; path = Base.lproj/LaunchScreen.xib; sourceTree = "<group>"; };
		1817138D1A0F26DC00036E8C /* PostcardTests.xctest */ = {isa = PBXFileReference; explicitFileType = wrapper.cfbundle; includeInIndex = 0; path = PostcardTests.xctest; sourceTree = BUILT_PRODUCTS_DIR; };
		181713921A0F26DC00036E8C /* Info.plist */ = {isa = PBXFileReference; lastKnownFileType = text.plist.xml; path = Info.plist; sourceTree = "<group>"; };
		181713931A0F26DC00036E8C /* PostcardTests.swift */ = {isa = PBXFileReference; lastKnownFileType = sourcecode.swift; path = PostcardTests.swift; sourceTree = "<group>"; };
/* End PBXFileReference section */

/* Begin PBXFrameworksBuildPhase section */
		181713751A0F26DC00036E8C /* Frameworks */ = {
			isa = PBXFrameworksBuildPhase;
			buildActionMask = 2147483647;
			files = (
			);
			runOnlyForDeploymentPostprocessing = 0;
		};
		1817138A1A0F26DC00036E8C /* Frameworks */ = {
			isa = PBXFrameworksBuildPhase;
			buildActionMask = 2147483647;
			files = (
			);
			runOnlyForDeploymentPostprocessing = 0;
		};
/* End PBXFrameworksBuildPhase section */

/* Begin PBXGroup section */
		1817136F1A0F26DC00036E8C = {
			isa = PBXGroup;
			children = (
				1817137A1A0F26DC00036E8C /* Postcard */,
				181713901A0F26DC00036E8C /* PostcardTests */,
				181713791A0F26DC00036E8C /* Products */,
			);
			sourceTree = "<group>";
		};
		181713791A0F26DC00036E8C /* Products */ = {
			isa = PBXGroup;
			children = (
				181713781A0F26DC00036E8C /* Postcard.app */,
				1817138D1A0F26DC00036E8C /* PostcardTests.xctest */,
			);
			name = Products;
			sourceTree = "<group>";
		};
		1817137A1A0F26DC00036E8C /* Postcard */ = {
			isa = PBXGroup;
			children = (
				1817137D1A0F26DC00036E8C /* AppDelegate.swift */,
				1817137F1A0F26DC00036E8C /* ViewController.swift */,
				181713811A0F26DC00036E8C /* Main.storyboard */,
				181713841A0F26DC00036E8C /* Images.xcassets */,
				181713861A0F26DC00036E8C /* LaunchScreen.xib */,
				1817137B1A0F26DC00036E8C /* Supporting Files */,
			);
			path = Postcard;
			sourceTree = "<group>";
		};
		1817137B1A0F26DC00036E8C /* Supporting Files */ = {
			isa = PBXGroup;
			children = (
				1817137C1A0F26DC00036E8C /* Info.plist */,
			);
			name = "Supporting Files";
			sourceTree = "<group>";
		};
		181713901A0F26DC00036E8C /* PostcardTests */ = {
			isa = PBXGroup;
			children = (
				181713931A0F26DC00036E8C /* PostcardTests.swift */,
				181713911A0F26DC00036E8C /* Supporting Files */,
			);
			path = PostcardTests;
			sourceTree = "<group>";
		};
		181713911A0F26DC00036E8C /* Supporting Files */ = {
			isa = PBXGroup;
			children = (
				181713921A0F26DC00036E8C /* Info.plist */,
			);
			name = "Supporting Files";
			sourceTree = "<group>";
		};
/* End PBXGroup section */

/* Begin PBXNativeTarget section */
		181713771A0F26DC00036E8C /* Postcard */ = {
			isa = PBXNativeTarget;
			buildConfigurationList = 181713971A0F26DC00036E8C /* Build configuration list for PBXNativeTarget "Postcard" */;
			buildPhases = (
				181713741A0F26DC00036E8C /* Sources */,
				181713751A0F26DC00036E8C /* Frameworks */,
				181713761A0F26DC00036E8C /* Resources */,
			);
			buildRules = (
			);
			dependencies = (
			);
			name = Postcard;
			productName = Postcard;
			productReference = 181713781A0F26DC00036E8C /* Postcard.app */;
			productType = "com.apple.product-type.application";
		};
		1817138C1A0F26DC00036E8C /* PostcardTests */ = {
			isa = PBXNativeTarget;
			buildConfigurationList = 1817139A1A0F26DC00036E8C /* Build configuration list for PBXNativeTarget "PostcardTests" */;
			buildPhases = (
				181713891A0F26DC00036E8C /* Sources */,
				1817138A1A0F26DC00036E8C /* Frameworks */,
				1817138B1A0F26DC00036E8C /* Resources */,
			);
			buildRules = (
			);
			dependencies = (
				1817138F1A0F26DC00036E8C /* PBXTargetDependency */,
			);
			name = PostcardTests;
			productName = PostcardTests;
			productReference = 1817138D1A0F26DC00036E8C /* PostcardTests.xctest */;
			productType = "com.apple.product-type.bundle.unit-test";
		};
/* End PBXNativeTarget section */

/* Begin PBXProject section */
		181713701A0F26DC00036E8C /* Project object */ = {
			isa = PBXProject;
			attributes = {
				LastUpgradeCheck = 0610;
				ORGANIZATIONNAME = Luke;
				TargetAttributes = {
					181713771A0F26DC00036E8C = {
						CreatedOnToolsVersion = 6.1;
					};
					1817138C1A0F26DC00036E8C = {
						CreatedOnToolsVersion = 6.1;
						TestTargetID = 181713771A0F26DC00036E8C;
					};
				};
			};
			buildConfigurationList = 181713731A0F26DC00036E8C /* Build configuration list for PBXProject "Postcard" */;
			compatibilityVersion = "Xcode 3.2";
			developmentRegion = English;
			hasScannedForEncodings = 0;
			knownRegions = (
				en,
				Base,
			);
			mainGroup = 1817136F1A0F26DC00036E8C;
			productRefGroup = 181713791A0F26DC00036E8C /* Products */;
			projectDirPath = "";
			projectRoot = "";
			targets = (
				181713771A0F26DC00036E8C /* Postcard */,
				1817138C1A0F26DC00036E8C /* PostcardTests */,
			);
		};
/* End PBXProject section */

/* Begin PBXResourcesBuildPhase section */
		181713761A0F26DC00036E8C /* Resources */ = {
			isa = PBXResourcesBuildPhase;
			buildActionMask = 2147483647;
			files = (
				181713831A0F26DC00036E8C /* Main.storyboard in Resources */,
				181713881A0F26DC00036E8C /* LaunchScreen.xib in Resources */,
				181713851A0F26DC00036E8C /* Images.xcassets in Resources */,
			);
			runOnlyForDeploymentPostprocessing = 0;
		};
		1817138B1A0F26DC00036E8C /* Resources */ = {
			isa = PBXResourcesBuildPhase;
			buildActionMask = 2147483647;
			files = (
			);
			runOnlyForDeploymentPostprocessing = 0;
		};
/* End PBXResourcesBuildPhase section */

/* Begin PBXSourcesBuildPhase section */
		181713741A0F26DC00036E8C /* Sources */ = {
			isa = PBXSourcesBuildPhase;
			buildActionMask = 2147483647;
			files = (
				181713801A0F26DC00036E8C /* ViewController.swift in Sources */,
				1817137E1A0F26DC00036E8C /* AppDelegate.swift in Sources */,
			);
			runOnlyForDeploymentPostprocessing = 0;
		};
		181713891A0F26DC00036E8C /* Sources */ = {
			isa = PBXSourcesBuildPhase;
			buildActionMask = 2147483647;
			files = (
				181713941A0F26DC00036E8C /* PostcardTests.swift in Sources */,
			);
			runOnlyForDeploymentPostprocessing = 0;
		};
/* End PBXSourcesBuildPhase section */

/* Begin PBXTargetDependency section */
		1817138F1A0F26DC00036E8C /* PBXTargetDependency */ = {
			isa = PBXTargetDependency;
			target = 181713771A0F26DC00036E8C /* Postcard */;
			targetProxy = 1817138E1A0F26DC00036E8C /* PBXContainerItemProxy */;
		};
/* End PBXTargetDependency section */

/* Begin PBXVariantGroup section */
		181713811A0F26DC00036E8C /* Main.storyboard */ = {
			isa = PBXVariantGroup;
			children = (
				181713821A0F26DC00036E8C /* Base */,
			);
			name = Main.storyboard;
			sourceTree = "<group>";
		};
		181713861A0F26DC00036E8C /* LaunchScreen.xib */ = {
			isa = PBXVariantGroup;
			children = (
				181713871A0F26DC00036E8C /* Base */,
			);
			name = LaunchScreen.xib;
			sourceTree = "<group>";
		};
/* End PBXVariantGroup section */

/* Begin XCBuildConfiguration section */
		181713951A0F26DC00036E8C /* Debug */ = {
			isa = XCBuildConfiguration;
			buildSettings = {
				ALWAYS_SEARCH_USER_PATHS = NO;
				CLANG_CXX_LANGUAGE_STANDARD = "gnu++0x";
				CLANG_CXX_LIBRARY = "libc++";
				CLANG_ENABLE_MODULES = YES;
				CLANG_ENABLE_OBJC_ARC = YES;
				CLANG_WARN_BOOL_CONVERSION = YES;
				CLANG_WARN_CONSTANT_CONVERSION = YES;
				CLANG_WARN_DIRECT_OBJC_ISA_USAGE = YES_ERROR;
				CLANG_WARN_EMPTY_BODY = YES;
				CLANG_WARN_ENUM_CONVERSION = YES;
				CLANG_WARN_INT_CONVERSION = YES;
				CLANG_WARN_OBJC_ROOT_CLASS = YES_ERROR;
				CLANG_WARN_UNREACHABLE_CODE = YES;
				CLANG_WARN__DUPLICATE_METHOD_MATCH = YES;
				"CODE_SIGN_IDENTITY[sdk=iphoneos*]" = "iPhone Developer";
				COPY_PHASE_STRIP = NO;
				ENABLE_STRICT_OBJC_MSGSEND = YES;
				GCC_C_LANGUAGE_STANDARD = gnu99;
				GCC_DYNAMIC_NO_PIC = NO;
				GCC_OPTIMIZATION_LEVEL = 0;
				GCC_PREPROCESSOR_DEFINITIONS = (
					"DEBUG=1",
					"$(inherited)",
				);
				GCC_SYMBOLS_PRIVATE_EXTERN = NO;
				GCC_WARN_64_TO_32_BIT_CONVERSION = YES;
				GCC_WARN_ABOUT_RETURN_TYPE = YES_ERROR;
				GCC_WARN_UNDECLARED_SELECTOR = YES;
				GCC_WARN_UNINITIALIZED_AUTOS = YES_AGGRESSIVE;
				GCC_WARN_UNUSED_FUNCTION = YES;
				GCC_WARN_UNUSED_VARIABLE = YES;
				IPHONEOS_DEPLOYMENT_TARGET = 8.1;
				MTL_ENABLE_DEBUG_INFO = YES;
				ONLY_ACTIVE_ARCH = YES;
				SDKROOT = iphoneos;
				SWIFT_OPTIMIZATION_LEVEL = "-Onone";
				TARGETED_DEVICE_FAMILY = "1,2";
			};
			name = Debug;
		};
		181713961A0F26DC00036E8C /* Release */ = {
			isa = XCBuildConfiguration;
			buildSettings = {
				ALWAYS_SEARCH_USER_PATHS = NO;
				CLANG_CXX_LANGUAGE_STANDARD = "gnu++0x";
				CLANG_CXX_LIBRARY = "libc++";
				CLANG_ENABLE_MODULES = YES;
				CLANG_ENABLE_OBJC_ARC = YES;
				CLANG_WARN_BOOL_CONVERSION = YES;
				CLANG_WARN_CONSTANT_CONVERSION = YES;
				CLANG_WARN_DIRECT_OBJC_ISA_USAGE = YES_ERROR;
				CLANG_WARN_EMPTY_BODY = YES;
				CLANG_WARN_ENUM_CONVERSION = YES;
				CLANG_WARN_INT_CONVERSION = YES;
				CLANG_WARN_OBJC_ROOT_CLASS = YES_ERROR;
				CLANG_WARN_UNREACHABLE_CODE = YES;
				CLANG_WARN__DUPLICATE_METHOD_MATCH = YES;
				"CODE_SIGN_IDENTITY[sdk=iphoneos*]" = "iPhone Developer";
				COPY_PHASE_STRIP = YES;
				ENABLE_NS_ASSERTIONS = NO;
				ENABLE_STRICT_OBJC_MSGSEND = YES;
				GCC_C_LANGUAGE_STANDARD = gnu99;
				GCC_WARN_64_TO_32_BIT_CONVERSION = YES;
				GCC_WARN_ABOUT_RETURN_TYPE = YES_ERROR;
				GCC_WARN_UNDECLARED_SELECTOR = YES;
				GCC_WARN_UNINITIALIZED_AUTOS = YES_AGGRESSIVE;
				GCC_WARN_UNUSED_FUNCTION = YES;
				GCC_WARN_UNUSED_VARIABLE = YES;
				IPHONEOS_DEPLOYMENT_TARGET = 8.1;
				MTL_ENABLE_DEBUG_INFO = NO;
				SDKROOT = iphoneos;
				TARGETED_DEVICE_FAMILY = "1,2";
				VALIDATE_PRODUCT = YES;
			};
			name = Release;
		};
		181713981A0F26DC00036E8C /* Debug */ = {
			isa = XCBuildConfiguration;
			buildSettings = {
				ASSETCATALOG_COMPILER_APPICON_NAME = AppIcon;
				INFOPLIST_FILE = Postcard/Info.plist;
				LD_RUNPATH_SEARCH_PATHS = "$(inherited) @executable_path/Frameworks";
				PRODUCT_NAME = "$(TARGET_NAME)";
			};
			name = Debug;
		};
		181713991A0F26DC00036E8C /* Release */ = {
			isa = XCBuildConfiguration;
			buildSettings = {
				ASSETCATALOG_COMPILER_APPICON_NAME = AppIcon;
				INFOPLIST_FILE = Postcard/Info.plist;
				LD_RUNPATH_SEARCH_PATHS = "$(inherited) @executable_path/Frameworks";
				PRODUCT_NAME = "$(TARGET_NAME)";
			};
			name = Release;
		};
		1817139B1A0F26DC00036E8C /* Debug */ = {
			isa = XCBuildConfiguration;
			buildSettings = {
				BUNDLE_LOADER = "$(TEST_HOST)";
				FRAMEWORK_SEARCH_PATHS = (
					"$(SDKROOT)/Developer/Library/Frameworks",
					"$(inherited)",
				);
				GCC_PREPROCESSOR_DEFINITIONS = (
					"DEBUG=1",
					"$(inherited)",
				);
				INFOPLIST_FILE = PostcardTests/Info.plist;
				LD_RUNPATH_SEARCH_PATHS = "$(inherited) @executable_path/Frameworks @loader_path/Frameworks";
				PRODUCT_NAME = "$(TARGET_NAME)";
				TEST_HOST = "$(BUILT_PRODUCTS_DIR)/Postcard.app/Postcard";
			};
			name = Debug;
		};
		1817139C1A0F26DC00036E8C /* Release */ = {
			isa = XCBuildConfiguration;
			buildSettings = {
				BUNDLE_LOADER = "$(TEST_HOST)";
				FRAMEWORK_SEARCH_PATHS = (
					"$(SDKROOT)/Developer/Library/Frameworks",
					"$(inherited)",
				);
				INFOPLIST_FILE = PostcardTests/Info.plist;
				LD_RUNPATH_SEARCH_PATHS = "$(inherited) @executable_path/Frameworks @loader_path/Frameworks";
				PRODUCT_NAME = "$(TARGET_NAME)";
				TEST_HOST = "$(BUILT_PRODUCTS_DIR)/Postcard.app/Postcard";
			};
			name = Release;
		};
/* End XCBuildConfiguration section */

/* Begin XCConfigurationList section */
		181713731A0F26DC00036E8C /* Build configuration list for PBXProject "Postcard" */ = {
			isa = XCConfigurationList;
			buildConfigurations = (
				181713951A0F26DC00036E8C /* Debug */,
				181713961A0F26DC00036E8C /* Release */,
			);
			defaultConfigurationIsVisible = 0;
			defaultConfigurationName = Release;
		};
		181713971A0F26DC00036E8C /* Build configuration list for PBXNativeTarget "Postcard" */ = {
			isa = XCConfigurationList;
			buildConfigurations = (
				181713981A0F26DC00036E8C /* Debug */,
				181713991A0F26DC00036E8C /* Release */,
			);
			defaultConfigurationIsVisible = 0;
		};
		1817139A1A0F26DC00036E8C /* Build configuration list for PBXNativeTarget "PostcardTests" */ = {
			isa = XCConfigurationList;
			buildConfigurations = (
				1817139B1A0F26DC00036E8C /* Debug */,
				1817139C1A0F26DC00036E8C /* Release */,
			);
			defaultConfigurationIsVisible = 0;
		};
/* End XCConfigurationList section */
	};
	rootObject = 181713701A0F26DC00036E8C /* Project object */;
}
